// !$*UTF8*$!
{
	archiveVersion = 1;
	classes = {
	};
	objectVersion = 55;
	objects = {

/* Begin PBXBuildFile section */
		B7E250CF26E0654300EDA0EF /* Color_PaletteApp.swift in Sources */ = {isa = PBXBuildFile; fileRef = B7E250CE26E0654300EDA0EF /* Color_PaletteApp.swift */; };
		B7E250D126E0654300EDA0EF /* PaletteView.swift in Sources */ = {isa = PBXBuildFile; fileRef = B7E250D026E0654300EDA0EF /* PaletteView.swift */; };
		B7E250D326E0654400EDA0EF /* Assets.xcassets in Resources */ = {isa = PBXBuildFile; fileRef = B7E250D226E0654400EDA0EF /* Assets.xcassets */; };
		B7E250D626E0654400EDA0EF /* Preview Assets.xcassets in Resources */ = {isa = PBXBuildFile; fileRef = B7E250D526E0654400EDA0EF /* Preview Assets.xcassets */; };
		B7E250DF26E0883200EDA0EF /* ColorCell.swift in Sources */ = {isa = PBXBuildFile; fileRef = B7E250DE26E0883200EDA0EF /* ColorCell.swift */; };
		B7E250E126E0892F00EDA0EF /* PaletteData.swift in Sources */ = {isa = PBXBuildFile; fileRef = B7E250E026E0892F00EDA0EF /* PaletteData.swift */; };
		B7E250E326E08AE900EDA0EF /* ColorsCell.swift in Sources */ = {isa = PBXBuildFile; fileRef = B7E250E226E08AE900EDA0EF /* ColorsCell.swift */; };
		B7E250E526E0918300EDA0EF /* PaletteColor.swift in Sources */ = {isa = PBXBuildFile; fileRef = B7E250E426E0918300EDA0EF /* PaletteColor.swift */; };
		B7E250E726E0ABA400EDA0EF /* ColorExtension.swift in Sources */ = {isa = PBXBuildFile; fileRef = B7E250E626E0ABA400EDA0EF /* ColorExtension.swift */; };
/* End PBXBuildFile section */

/* Begin PBXFileReference section */
		B7E250CB26E0654300EDA0EF /* Color Palette.app */ = {isa = PBXFileReference; explicitFileType = wrapper.application; includeInIndex = 0; path = "Color Palette.app"; sourceTree = BUILT_PRODUCTS_DIR; };
		B7E250CE26E0654300EDA0EF /* Color_PaletteApp.swift */ = {isa = PBXFileReference; lastKnownFileType = sourcecode.swift; path = Color_PaletteApp.swift; sourceTree = "<group>"; };
		B7E250D026E0654300EDA0EF /* PaletteView.swift */ = {isa = PBXFileReference; lastKnownFileType = sourcecode.swift; path = PaletteView.swift; sourceTree = "<group>"; };
		B7E250D226E0654400EDA0EF /* Assets.xcassets */ = {isa = PBXFileReference; lastKnownFileType = folder.assetcatalog; path = Assets.xcassets; sourceTree = "<group>"; };
		B7E250D526E0654400EDA0EF /* Preview Assets.xcassets */ = {isa = PBXFileReference; lastKnownFileType = folder.assetcatalog; path = "Preview Assets.xcassets"; sourceTree = "<group>"; };
		B7E250DE26E0883200EDA0EF /* ColorCell.swift */ = {isa = PBXFileReference; lastKnownFileType = sourcecode.swift; path = ColorCell.swift; sourceTree = "<group>"; };
		B7E250E026E0892F00EDA0EF /* PaletteData.swift */ = {isa = PBXFileReference; lastKnownFileType = sourcecode.swift; path = PaletteData.swift; sourceTree = "<group>"; };
		B7E250E226E08AE900EDA0EF /* ColorsCell.swift */ = {isa = PBXFileReference; lastKnownFileType = sourcecode.swift; path = ColorsCell.swift; sourceTree = "<group>"; };
		B7E250E426E0918300EDA0EF /* PaletteColor.swift */ = {isa = PBXFileReference; lastKnownFileType = sourcecode.swift; path = PaletteColor.swift; sourceTree = "<group>"; };
		B7E250E626E0ABA400EDA0EF /* ColorExtension.swift */ = {isa = PBXFileReference; lastKnownFileType = sourcecode.swift; path = ColorExtension.swift; sourceTree = "<group>"; };
/* End PBXFileReference section */

/* Begin PBXFrameworksBuildPhase section */
		B7E250C826E0654300EDA0EF /* Frameworks */ = {
			isa = PBXFrameworksBuildPhase;
			buildActionMask = 2147483647;
			files = (
			);
			runOnlyForDeploymentPostprocessing = 0;
		};
/* End PBXFrameworksBuildPhase section */

/* Begin PBXGroup section */
		B7E250C226E0654300EDA0EF = {
			isa = PBXGroup;
			children = (
				B7E250CD26E0654300EDA0EF /* Color Palette */,
				B7E250CC26E0654300EDA0EF /* Products */,
			);
			sourceTree = "<group>";
		};
		B7E250CC26E0654300EDA0EF /* Products */ = {
			isa = PBXGroup;
			children = (
				B7E250CB26E0654300EDA0EF /* Color Palette.app */,
			);
			name = Products;
			sourceTree = "<group>";
		};
		B7E250CD26E0654300EDA0EF /* Color Palette */ = {
			isa = PBXGroup;
			children = (
				B7E250CE26E0654300EDA0EF /* Color_PaletteApp.swift */,
				B7E250D026E0654300EDA0EF /* PaletteView.swift */,
				B7E250E026E0892F00EDA0EF /* PaletteData.swift */,
				B7E250E226E08AE900EDA0EF /* ColorsCell.swift */,
				B7E250DE26E0883200EDA0EF /* ColorCell.swift */,
				B7E250E426E0918300EDA0EF /* PaletteColor.swift */,
				B7E250E626E0ABA400EDA0EF /* ColorExtension.swift */,
				B7E250D226E0654400EDA0EF /* Assets.xcassets */,
				B7E250D426E0654400EDA0EF /* Preview Content */,
			);
			path = "Color Palette";
			sourceTree = "<group>";
		};
		B7E250D426E0654400EDA0EF /* Preview Content */ = {
			isa = PBXGroup;
			children = (
				B7E250D526E0654400EDA0EF /* Preview Assets.xcassets */,
			);
			path = "Preview Content";
			sourceTree = "<group>";
		};
/* End PBXGroup section */

/* Begin PBXNativeTarget section */
		B7E250CA26E0654300EDA0EF /* Color Palette */ = {
			isa = PBXNativeTarget;
			buildConfigurationList = B7E250D926E0654400EDA0EF /* Build configuration list for PBXNativeTarget "Color Palette" */;
			buildPhases = (
				B7E250C726E0654300EDA0EF /* Sources */,
				B7E250C826E0654300EDA0EF /* Frameworks */,
				B7E250C926E0654300EDA0EF /* Resources */,
			);
			buildRules = (
			);
			dependencies = (
			);
			name = "Color Palette";
			productName = "Color Palette";
			productReference = B7E250CB26E0654300EDA0EF /* Color Palette.app */;
			productType = "com.apple.product-type.application";
		};
/* End PBXNativeTarget section */

/* Begin PBXProject section */
		B7E250C326E0654300EDA0EF /* Project object */ = {
			isa = PBXProject;
			attributes = {
				BuildIndependentTargetsInParallel = 1;
				LastSwiftUpdateCheck = 1300;
				LastUpgradeCheck = 1300;
				TargetAttributes = {
					B7E250CA26E0654300EDA0EF = {
						CreatedOnToolsVersion = 13.0;
					};
				};
			};
			buildConfigurationList = B7E250C626E0654300EDA0EF /* Build configuration list for PBXProject "Color Palette" */;
			compatibilityVersion = "Xcode 13.0";
			developmentRegion = en;
			hasScannedForEncodings = 0;
			knownRegions = (
				en,
				Base,
			);
			mainGroup = B7E250C226E0654300EDA0EF;
			productRefGroup = B7E250CC26E0654300EDA0EF /* Products */;
			projectDirPath = "";
			projectRoot = "";
			targets = (
				B7E250CA26E0654300EDA0EF /* Color Palette */,
			);
		};
/* End PBXProject section */

/* Begin PBXResourcesBuildPhase section */
		B7E250C926E0654300EDA0EF /* Resources */ = {
			isa = PBXResourcesBuildPhase;
			buildActionMask = 2147483647;
			files = (
				B7E250D626E0654400EDA0EF /* Preview Assets.xcassets in Resources */,
				B7E250D326E0654400EDA0EF /* Assets.xcassets in Resources */,
			);
			runOnlyForDeploymentPostprocessing = 0;
		};
/* End PBXResourcesBuildPhase section */

/* Begin PBXSourcesBuildPhase section */
		B7E250C726E0654300EDA0EF /* Sources */ = {
			isa = PBXSourcesBuildPhase;
			buildActionMask = 2147483647;
			files = (
				B7E250DF26E0883200EDA0EF /* ColorCell.swift in Sources */,
				B7E250D126E0654300EDA0EF /* PaletteView.swift in Sources */,
				B7E250E526E0918300EDA0EF /* PaletteColor.swift in Sources */,
				B7E250E726E0ABA400EDA0EF /* ColorExtension.swift in Sources */,
				B7E250E326E08AE900EDA0EF /* ColorsCell.swift in Sources */,
				B7E250E126E0892F00EDA0EF /* PaletteData.swift in Sources */,
				B7E250CF26E0654300EDA0EF /* Color_PaletteApp.swift in Sources */,
			);
			runOnlyForDeploymentPostprocessing = 0;
		};
/* End PBXSourcesBuildPhase section */

/* Begin XCBuildConfiguration section */
		B7E250D726E0654400EDA0EF /* Debug */ = {
			isa = XCBuildConfiguration;
			buildSettings = {
				ALWAYS_SEARCH_USER_PATHS = NO;
				CLANG_ANALYZER_NONNULL = YES;
				CLANG_ANALYZER_NUMBER_OBJECT_CONVERSION = YES_AGGRESSIVE;
				CLANG_CXX_LANGUAGE_STANDARD = "gnu++17";
				CLANG_CXX_LIBRARY = "libc++";
				CLANG_ENABLE_MODULES = YES;
				CLANG_ENABLE_OBJC_ARC = YES;
				CLANG_ENABLE_OBJC_WEAK = YES;
				CLANG_WARN_BLOCK_CAPTURE_AUTORELEASING = YES;
				CLANG_WARN_BOOL_CONVERSION = YES;
				CLANG_WARN_COMMA = YES;
				CLANG_WARN_CONSTANT_CONVERSION = YES;
				CLANG_WARN_DEPRECATED_OBJC_IMPLEMENTATIONS = YES;
				CLANG_WARN_DIRECT_OBJC_ISA_USAGE = YES_ERROR;
				CLANG_WARN_DOCUMENTATION_COMMENTS = YES;
				CLANG_WARN_EMPTY_BODY = YES;
				CLANG_WARN_ENUM_CONVERSION = YES;
				CLANG_WARN_INFINITE_RECURSION = YES;
				CLANG_WARN_INT_CONVERSION = YES;
				CLANG_WARN_NON_LITERAL_NULL_CONVERSION = YES;
				CLANG_WARN_OBJC_IMPLICIT_RETAIN_SELF = YES;
				CLANG_WARN_OBJC_LITERAL_CONVERSION = YES;
				CLANG_WARN_OBJC_ROOT_CLASS = YES_ERROR;
				CLANG_WARN_QUOTED_INCLUDE_IN_FRAMEWORK_HEADER = YES;
				CLANG_WARN_RANGE_LOOP_ANALYSIS = YES;
				CLANG_WARN_STRICT_PROTOTYPES = YES;
				CLANG_WARN_SUSPICIOUS_MOVE = YES;
				CLANG_WARN_UNGUARDED_AVAILABILITY = YES_AGGRESSIVE;
				CLANG_WARN_UNREACHABLE_CODE = YES;
				CLANG_WARN__DUPLICATE_METHOD_MATCH = YES;
				COPY_PHASE_STRIP = NO;
				DEBUG_INFORMATION_FORMAT = dwarf;
				ENABLE_STRICT_OBJC_MSGSEND = YES;
				ENABLE_TESTABILITY = YES;
				GCC_C_LANGUAGE_STANDARD = gnu11;
				GCC_DYNAMIC_NO_PIC = NO;
				GCC_NO_COMMON_BLOCKS = YES;
				GCC_OPTIMIZATION_LEVEL = 0;
				GCC_PREPROCESSOR_DEFINITIONS = (
					"DEBUG=1",
					"$(inherited)",
				);
				GCC_WARN_64_TO_32_BIT_CONVERSION = YES;
				GCC_WARN_ABOUT_RETURN_TYPE = YES_ERROR;
				GCC_WARN_UNDECLARED_SELECTOR = YES;
				GCC_WARN_UNINITIALIZED_AUTOS = YES_AGGRESSIVE;
				GCC_WARN_UNUSED_FUNCTION = YES;
				GCC_WARN_UNUSED_VARIABLE = YES;
				IPHONEOS_DEPLOYMENT_TARGET = 15.0;
				MTL_ENABLE_DEBUG_INFO = INCLUDE_SOURCE;
				MTL_FAST_MATH = YES;
				ONLY_ACTIVE_ARCH = YES;
				SDKROOT = iphoneos;
				SWIFT_ACTIVE_COMPILATION_CONDITIONS = DEBUG;
				SWIFT_OPTIMIZATION_LEVEL = "-Onone";
			};
			name = Debug;
		};
		B7E250D826E0654400EDA0EF /* Release */ = {
			isa = XCBuildConfiguration;
			buildSettings = {
				ALWAYS_SEARCH_USER_PATHS = NO;
				CLANG_ANALYZER_NONNULL = YES;
				CLANG_ANALYZER_NUMBER_OBJECT_CONVERSION = YES_AGGRESSIVE;
				CLANG_CXX_LANGUAGE_STANDARD = "gnu++17";
				CLANG_CXX_LIBRARY = "libc++";
				CLANG_ENABLE_MODULES = YES;
				CLANG_ENABLE_OBJC_ARC = YES;
				CLANG_ENABLE_OBJC_WEAK = YES;
				CLANG_WARN_BLOCK_CAPTURE_AUTORELEASING = YES;
				CLANG_WARN_BOOL_CONVERSION = YES;
				CLANG_WARN_COMMA = YES;
				CLANG_WARN_CONSTANT_CONVERSION = YES;
				CLANG_WARN_DEPRECATED_OBJC_IMPLEMENTATIONS = YES;
				CLANG_WARN_DIRECT_OBJC_ISA_USAGE = YES_ERROR;
				CLANG_WARN_DOCUMENTATION_COMMENTS = YES;
				CLANG_WARN_EMPTY_BODY = YES;
				CLANG_WARN_ENUM_CONVERSION = YES;
				CLANG_WARN_INFINITE_RECURSION = YES;
				CLANG_WARN_INT_CONVERSION = YES;
				CLANG_WARN_NON_LITERAL_NULL_CONVERSION = YES;
				CLANG_WARN_OBJC_IMPLICIT_RETAIN_SELF = YES;
				CLANG_WARN_OBJC_LITERAL_CONVERSION = YES;
				CLANG_WARN_OBJC_ROOT_CLASS = YES_ERROR;
				CLANG_WARN_QUOTED_INCLUDE_IN_FRAMEWORK_HEADER = YES;
				CLANG_WARN_RANGE_LOOP_ANALYSIS = YES;
				CLANG_WARN_STRICT_PROTOTYPES = YES;
				CLANG_WARN_SUSPICIOUS_MOVE = YES;
				CLANG_WARN_UNGUARDED_AVAILABILITY = YES_AGGRESSIVE;
				CLANG_WARN_UNREACHABLE_CODE = YES;
				CLANG_WARN__DUPLICATE_METHOD_MATCH = YES;
				COPY_PHASE_STRIP = NO;
				DEBUG_INFORMATION_FORMAT = "dwarf-with-dsym";
				ENABLE_NS_ASSERTIONS = NO;
				ENABLE_STRICT_OBJC_MSGSEND = YES;
				GCC_C_LANGUAGE_STANDARD = gnu11;
				GCC_NO_COMMON_BLOCKS = YES;
				GCC_WARN_64_TO_32_BIT_CONVERSION = YES;
				GCC_WARN_ABOUT_RETURN_TYPE = YES_ERROR;
				GCC_WARN_UNDECLARED_SELECTOR = YES;
				GCC_WARN_UNINITIALIZED_AUTOS = YES_AGGRESSIVE;
				GCC_WARN_UNUSED_FUNCTION = YES;
				GCC_WARN_UNUSED_VARIABLE = YES;
				IPHONEOS_DEPLOYMENT_TARGET = 15.0;
				MTL_ENABLE_DEBUG_INFO = NO;
				MTL_FAST_MATH = YES;
				SDKROOT = iphoneos;
				SWIFT_COMPILATION_MODE = wholemodule;
				SWIFT_OPTIMIZATION_LEVEL = "-O";
				VALIDATE_PRODUCT = YES;
			};
			name = Release;
		};
		B7E250DA26E0654400EDA0EF /* Debug */ = {
			isa = XCBuildConfiguration;
			buildSettings = {
				ASSETCATALOG_COMPILER_APPICON_NAME = AppIcon;
				ASSETCATALOG_COMPILER_GLOBAL_ACCENT_COLOR_NAME = AccentColor;
				CODE_SIGN_STYLE = Automatic;
				CURRENT_PROJECT_VERSION = 1;
				DEVELOPMENT_ASSET_PATHS = "\"Color Palette/Preview Content\"";
				DEVELOPMENT_TEAM = U3UV89V2N7;
				ENABLE_PREVIEWS = YES;
				GENERATE_INFOPLIST_FILE = YES;
				INFOPLIST_KEY_UIApplicationSceneManifest_Generation = YES;
				INFOPLIST_KEY_UIApplicationSupportsIndirectInputEvents = YES;
				INFOPLIST_KEY_UILaunchScreen_Generation = YES;
				INFOPLIST_KEY_UISupportedInterfaceOrientations_iPad = "UIInterfaceOrientationPortrait UIInterfaceOrientationPortraitUpsideDown UIInterfaceOrientationLandscapeLeft UIInterfaceOrientationLandscapeRight";
				INFOPLIST_KEY_UISupportedInterfaceOrientations_iPhone = "UIInterfaceOrientationPortrait UIInterfaceOrientationLandscapeLeft UIInterfaceOrientationLandscapeRight";
				IPHONEOS_DEPLOYMENT_TARGET = 14.0;
				LD_RUNPATH_SEARCH_PATHS = (
					"$(inherited)",
					"@executable_path/Frameworks",
				);
				MARKETING_VERSION = 1.0;
				PRODUCT_BUNDLE_IDENTIFIER = "io.finddy..Color-Palette";
				PRODUCT_NAME = "$(TARGET_NAME)";
				SWIFT_EMIT_LOC_STRINGS = YES;
				SWIFT_VERSION = 5.0;
				TARGETED_DEVICE_FAMILY = "1,2";
			};
			name = Debug;
		};
		B7E250DB26E0654400EDA0EF /* Release */ = {
			isa = XCBuildConfiguration;
			buildSettings = {
				ASSETCATALOG_COMPILER_APPICON_NAME = AppIcon;
				ASSETCATALOG_COMPILER_GLOBAL_ACCENT_COLOR_NAME = AccentColor;
				CODE_SIGN_STYLE = Automatic;
				CURRENT_PROJECT_VERSION = 1;
				DEVELOPMENT_ASSET_PATHS = "\"Color Palette/Preview Content\"";
				DEVELOPMENT_TEAM = U3UV89V2N7;
				ENABLE_PREVIEWS = YES;
				GENERATE_INFOPLIST_FILE = YES;
				INFOPLIST_KEY_UIApplicationSceneManifest_Generation = YES;
				INFOPLIST_KEY_UIApplicationSupportsIndirectInputEvents = YES;
				INFOPLIST_KEY_UILaunchScreen_Generation = YES;
				INFOPLIST_KEY_UISupportedInterfaceOrientations_iPad = "UIInterfaceOrientationPortrait UIInterfaceOrientationPortraitUpsideDown UIInterfaceOrientationLandscapeLeft UIInterfaceOrientationLandscapeRight";
				INFOPLIST_KEY_UISupportedInterfaceOrientations_iPhone = "UIInterfaceOrientationPortrait UIInterfaceOrientationLandscapeLeft UIInterfaceOrientationLandscapeRight";
				IPHONEOS_DEPLOYMENT_TARGET = 14.0;
				LD_RUNPATH_SEARCH_PATHS = (
					"$(inherited)",
					"@executable_path/Frameworks",
				);
				MARKETING_VERSION = 1.0;
				PRODUCT_BUNDLE_IDENTIFIER = "io.finddy..Color-Palette";
				PRODUCT_NAME = "$(TARGET_NAME)";
				SWIFT_EMIT_LOC_STRINGS = YES;
				SWIFT_VERSION = 5.0;
				TARGETED_DEVICE_FAMILY = "1,2";
			};
			name = Release;
		};
/* End XCBuildConfiguration section */

/* Begin XCConfigurationList section */
		B7E250C626E0654300EDA0EF /* Build configuration list for PBXProject "Color Palette" */ = {
			isa = XCConfigurationList;
			buildConfigurations = (
				B7E250D726E0654400EDA0EF /* Debug */,
				B7E250D826E0654400EDA0EF /* Release */,
			);
			defaultConfigurationIsVisible = 0;
			defaultConfigurationName = Release;
		};
		B7E250D926E0654400EDA0EF /* Build configuration list for PBXNativeTarget "Color Palette" */ = {
			isa = XCConfigurationList;
			buildConfigurations = (
				B7E250DA26E0654400EDA0EF /* Debug */,
				B7E250DB26E0654400EDA0EF /* Release */,
			);
			defaultConfigurationIsVisible = 0;
			defaultConfigurationName = Release;
		};
/* End XCConfigurationList section */
	};
	rootObject = B7E250C326E0654300EDA0EF /* Project object */;
}
